PODS:
  - Aspects (1.4.1)
  - YYKit (1.0.9):
    - YYKit/no-arc (= 1.0.9)
  - YYKit/no-arc (1.0.9)

DEPENDENCIES:
  - Aspects
  - YYKit

SPEC REPOS:
  https://github.com/cocoapods/specs.git:
    - Aspects
    - YYKit

SPEC CHECKSUMS:
  Aspects: 7595ba96a6727a58ebcbfc954497fc5d2fdde546
  YYKit: 7cda43304a8dc3696c449041e2cb3107b4e236e7

PODFILE CHECKSUM: 9ff748409ea54c8588ea65fb8fcee9c3a607bc6f

COCOAPODS: 1.5.3
